
Microsoft Visual Studio Solution File, Format Version 12.00
# Visual Studio 15
VisualStudioVersion = 15.0.27703.2042
MinimumVisualStudioVersion = 10.0.40219.1
Project("{FAE04EC0-301F-11D3-BF4B-00C04F79EFBC}") = "EventHubMVC", "EventHubMVC\EventHubMVC.csproj", "{CA267F2B-474B-41DA-8CCC-C57A3AB21EC4}"
EndProject
Global
	GlobalSection(SolutionConfigurationPlatforms) = preSolution
		Debug|Any CPU = Debug|Any CPU
		Release|Any CPU = Release|Any CPU
	EndGlobalSection
	GlobalSection(ProjectConfigurationPlatforms) = postSolution
		{CA267F2B-474B-41DA-8CCC-C57A3AB21EC4}.Debug|Any CPU.ActiveCfg = Debug|Any CPU
		{CA267F2B-474B-41DA-8CCC-C57A3AB21EC4}.Debug|Any CPU.Build.0 = Debug|Any CPU
		{CA267F2B-474B-41DA-8CCC-C57A3AB21EC4}.Release|Any CPU.ActiveCfg = Release|Any CPU
		{CA267F2B-474B-41DA-8CCC-C57A3AB21EC4}.Release|Any CPU.Build.0 = Release|Any CPU
	EndGlobalSection
	GlobalSection(SolutionProperties) = preSolution
		HideSolutionNode = FALSE
	EndGlobalSection
	GlobalSection(ExtensibilityGlobals) = postSolution
		SolutionGuid = {B32AF70A-D066-4F32-AE79-0193C7BBF0E3}
	EndGlobalSection
EndGlobal
